
Microsoft Visual Studio Solution File, Format Version 12.00
# Visual Studio Version 17
VisualStudioVersion = 17.11.35327.3
MinimumVisualStudioVersion = 10.0.40219.1
Project("{FAE04EC0-301F-11D3-BF4B-00C04F79EFBC}") = "WebApplication127", "WebApplication127\WebApplication127.csproj", "{15FAA06B-292F-405A-B0AE-56D6DA60ACBB}"
EndProject
Global
	GlobalSection(SolutionConfigurationPlatforms) = preSolution
		Debug|Any CPU = Debug|Any CPU
		Release|Any CPU = Release|Any CPU
	EndGlobalSection
	GlobalSection(ProjectConfigurationPlatforms) = postSolution
		{15FAA06B-292F-405A-B0AE-56D6DA60ACBB}.Debug|Any CPU.ActiveCfg = Debug|Any CPU
		{15FAA06B-292F-405A-B0AE-56D6DA60ACBB}.Debug|Any CPU.Build.0 = Debug|Any CPU
		{15FAA06B-292F-405A-B0AE-56D6DA60ACBB}.Release|Any CPU.ActiveCfg = Release|Any CPU
		{15FAA06B-292F-405A-B0AE-56D6DA60ACBB}.Release|Any CPU.Build.0 = Release|Any CPU
	EndGlobalSection
	GlobalSection(SolutionProperties) = preSolution
		HideSolutionNode = FALSE
	EndGlobalSection
	GlobalSection(ExtensibilityGlobals) = postSolution
		SolutionGuid = {49B772D5-2EC9-4ECB-A38D-4AA1038B523A}
	EndGlobalSection
EndGlobal
